
Microsoft Visual Studio Solution File, Format Version 12.00
# Visual Studio Version 17
VisualStudioVersion = 17.6.33723.286
MinimumVisualStudioVersion = 10.0.40219.1
Project("{FAE04EC0-301F-11D3-BF4B-00C04F79EFBC}") = "Examen", "Examen.csproj", "{AD20D10A-D72D-4D05-8764-056C3A98AD69}"
EndProject
Global
	GlobalSection(SolutionConfigurationPlatforms) = preSolution
		Debug|Any CPU = Debug|Any CPU
		Release|Any CPU = Release|Any CPU
	EndGlobalSection
	GlobalSection(ProjectConfigurationPlatforms) = postSolution
		{AD20D10A-D72D-4D05-8764-056C3A98AD69}.Debug|Any CPU.ActiveCfg = Debug|Any CPU
		{AD20D10A-D72D-4D05-8764-056C3A98AD69}.Debug|Any CPU.Build.0 = Debug|Any CPU
		{AD20D10A-D72D-4D05-8764-056C3A98AD69}.Release|Any CPU.ActiveCfg = Release|Any CPU
		{AD20D10A-D72D-4D05-8764-056C3A98AD69}.Release|Any CPU.Build.0 = Release|Any CPU
	EndGlobalSection
	GlobalSection(SolutionProperties) = preSolution
		HideSolutionNode = FALSE
	EndGlobalSection
	GlobalSection(ExtensibilityGlobals) = postSolution
		SolutionGuid = {CD76DE7A-827C-40CB-A16B-A1870BBA2F2C}
	EndGlobalSection
EndGlobal
